
Microsoft Visual Studio Solution File, Format Version 12.00
# Visual Studio Version 16
VisualStudioVersion = 16.0.810.16
MinimumVisualStudioVersion = 10.0.40219.1
Project("{FAE04EC0-301F-11D3-BF4B-00C04F79EFBC}") = "MVVMCrud", "MVVMCrud\MVVMCrud.csproj", "{8C760E81-C9E4-48A5-80BC-E9AC8526D865}"
EndProject
Project("{FAE04EC0-301F-11D3-BF4B-00C04F79EFBC}") = "MVVMCrud.Example", "MVVMCrud.Example\MVVMCrud.Example\MVVMCrud.Example.csproj", "{96BE8D1F-9723-4977-B821-0EFDAC23550B}"
EndProject
Project("{FAE04EC0-301F-11D3-BF4B-00C04F79EFBC}") = "MVVMCrud.Example.iOS", "MVVMCrud.Example\MVVMCrud.Example.iOS\MVVMCrud.Example.iOS.csproj", "{EC6F5E96-1164-43E8-9029-34E8AC70FD30}"
EndProject
Project("{FAE04EC0-301F-11D3-BF4B-00C04F79EFBC}") = "MVVMCrud.Example.Android", "MVVMCrud.Example\MVVMCrud.Example.Android\MVVMCrud.Example.Android.csproj", "{FCD40EEB-6A31-4C48-80B0-8489E15047EA}"
EndProject
Global
	GlobalSection(SolutionConfigurationPlatforms) = preSolution
		Debug|Any CPU = Debug|Any CPU
		Release|Any CPU = Release|Any CPU
		Debug|iPhoneSimulator = Debug|iPhoneSimulator
		Release|iPhoneSimulator = Release|iPhoneSimulator
		Debug|iPhone = Debug|iPhone
		Release|iPhone = Release|iPhone
	EndGlobalSection
	GlobalSection(ProjectConfigurationPlatforms) = postSolution
		{8C760E81-C9E4-48A5-80BC-E9AC8526D865}.Debug|Any CPU.ActiveCfg = Debug|Any CPU
		{8C760E81-C9E4-48A5-80BC-E9AC8526D865}.Debug|Any CPU.Build.0 = Debug|Any CPU
		{8C760E81-C9E4-48A5-80BC-E9AC8526D865}.Release|Any CPU.ActiveCfg = Release|Any CPU
		{8C760E81-C9E4-48A5-80BC-E9AC8526D865}.Release|Any CPU.Build.0 = Release|Any CPU
		{8C760E81-C9E4-48A5-80BC-E9AC8526D865}.Debug|iPhoneSimulator.ActiveCfg = Debug|Any CPU
		{8C760E81-C9E4-48A5-80BC-E9AC8526D865}.Debug|iPhoneSimulator.Build.0 = Debug|Any CPU
		{8C760E81-C9E4-48A5-80BC-E9AC8526D865}.Release|iPhoneSimulator.ActiveCfg = Release|Any CPU
		{8C760E81-C9E4-48A5-80BC-E9AC8526D865}.Release|iPhoneSimulator.Build.0 = Release|Any CPU
		{8C760E81-C9E4-48A5-80BC-E9AC8526D865}.Debug|iPhone.ActiveCfg = Debug|Any CPU
		{8C760E81-C9E4-48A5-80BC-E9AC8526D865}.Debug|iPhone.Build.0 = Debug|Any CPU
		{8C760E81-C9E4-48A5-80BC-E9AC8526D865}.Release|iPhone.ActiveCfg = Release|Any CPU
		{8C760E81-C9E4-48A5-80BC-E9AC8526D865}.Release|iPhone.Build.0 = Release|Any CPU
		{96BE8D1F-9723-4977-B821-0EFDAC23550B}.Debug|Any CPU.ActiveCfg = Debug|Any CPU
		{96BE8D1F-9723-4977-B821-0EFDAC23550B}.Debug|Any CPU.Build.0 = Debug|Any CPU
		{96BE8D1F-9723-4977-B821-0EFDAC23550B}.Release|Any CPU.ActiveCfg = Release|Any CPU
		{96BE8D1F-9723-4977-B821-0EFDAC23550B}.Release|Any CPU.Build.0 = Release|Any CPU
		{96BE8D1F-9723-4977-B821-0EFDAC23550B}.Debug|iPhoneSimulator.ActiveCfg = Debug|Any CPU
		{96BE8D1F-9723-4977-B821-0EFDAC23550B}.Debug|iPhoneSimulator.Build.0 = Debug|Any CPU
		{96BE8D1F-9723-4977-B821-0EFDAC23550B}.Release|iPhoneSimulator.ActiveCfg = Release|Any CPU
		{96BE8D1F-9723-4977-B821-0EFDAC23550B}.Release|iPhoneSimulator.Build.0 = Release|Any CPU
		{96BE8D1F-9723-4977-B821-0EFDAC23550B}.Debug|iPhone.ActiveCfg = Debug|Any CPU
		{96BE8D1F-9723-4977-B821-0EFDAC23550B}.Debug|iPhone.Build.0 = Debug|Any CPU
		{96BE8D1F-9723-4977-B821-0EFDAC23550B}.Release|iPhone.ActiveCfg = Release|Any CPU
		{96BE8D1F-9723-4977-B821-0EFDAC23550B}.Release|iPhone.Build.0 = Release|Any CPU
		{EC6F5E96-1164-43E8-9029-34E8AC70FD30}.Debug|Any CPU.ActiveCfg = Debug|iPhoneSimulator
		{EC6F5E96-1164-43E8-9029-34E8AC70FD30}.Debug|Any CPU.Build.0 = Debug|iPhoneSimulator
		{EC6F5E96-1164-43E8-9029-34E8AC70FD30}.Release|Any CPU.ActiveCfg = Release|iPhoneSimulator
		{EC6F5E96-1164-43E8-9029-34E8AC70FD30}.Release|Any CPU.Build.0 = Release|iPhoneSimulator
		{EC6F5E96-1164-43E8-9029-34E8AC70FD30}.Debug|iPhoneSimulator.ActiveCfg = Debug|iPhoneSimulator
		{EC6F5E96-1164-43E8-9029-34E8AC70FD30}.Debug|iPhoneSimulator.Build.0 = Debug|iPhoneSimulator
		{EC6F5E96-1164-43E8-9029-34E8AC70FD30}.Release|iPhoneSimulator.ActiveCfg = Release|iPhoneSimulator
		{EC6F5E96-1164-43E8-9029-34E8AC70FD30}.Release|iPhoneSimulator.Build.0 = Release|iPhoneSimulator
		{EC6F5E96-1164-43E8-9029-34E8AC70FD30}.Debug|iPhone.ActiveCfg = Debug|iPhone
		{EC6F5E96-1164-43E8-9029-34E8AC70FD30}.Debug|iPhone.Build.0 = Debug|iPhone
		{EC6F5E96-1164-43E8-9029-34E8AC70FD30}.Release|iPhone.ActiveCfg = Release|iPhone
		{EC6F5E96-1164-43E8-9029-34E8AC70FD30}.Release|iPhone.Build.0 = Release|iPhone
		{FCD40EEB-6A31-4C48-80B0-8489E15047EA}.Debug|Any CPU.ActiveCfg = Debug|Any CPU
		{FCD40EEB-6A31-4C48-80B0-8489E15047EA}.Debug|Any CPU.Build.0 = Debug|Any CPU
		{FCD40EEB-6A31-4C48-80B0-8489E15047EA}.Release|Any CPU.ActiveCfg = Release|Any CPU
		{FCD40EEB-6A31-4C48-80B0-8489E15047EA}.Release|Any CPU.Build.0 = Release|Any CPU
		{FCD40EEB-6A31-4C48-80B0-8489E15047EA}.Debug|iPhoneSimulator.ActiveCfg = Debug|Any CPU
		{FCD40EEB-6A31-4C48-80B0-8489E15047EA}.Debug|iPhoneSimulator.Build.0 = Debug|Any CPU
		{FCD40EEB-6A31-4C48-80B0-8489E15047EA}.Release|iPhoneSimulator.ActiveCfg = Release|Any CPU
		{FCD40EEB-6A31-4C48-80B0-8489E15047EA}.Release|iPhoneSimulator.Build.0 = Release|Any CPU
		{FCD40EEB-6A31-4C48-80B0-8489E15047EA}.Debug|iPhone.ActiveCfg = Debug|Any CPU
		{FCD40EEB-6A31-4C48-80B0-8489E15047EA}.Debug|iPhone.Build.0 = Debug|Any CPU
		{FCD40EEB-6A31-4C48-80B0-8489E15047EA}.Release|iPhone.ActiveCfg = Release|Any CPU
		{FCD40EEB-6A31-4C48-80B0-8489E15047EA}.Release|iPhone.Build.0 = Release|Any CPU
	EndGlobalSection
	GlobalSection(SolutionProperties) = preSolution
		HideSolutionNode = FALSE
	EndGlobalSection
	GlobalSection(ExtensibilityGlobals) = postSolution
		SolutionGuid = {265CFD7E-F9A4-4494-A40D-77912029FE1D}
	EndGlobalSection
EndGlobal
